<?xml version="1.0" encoding="utf-8"?>
<Project ToolsVersion="4.0" xmlns="http://schemas.microsoft.com/developer/msbuild/2003">
  <ItemGroup>
    <Filter Include="源文件">
      <UniqueIdentifier>{4FC737F1-C7A5-4376-A066-2A32D752A2FF}</UniqueIdentifier>
      <Extensions>cpp;c;cc;cxx;c++;cppm;ixx;def;odl;idl;hpj;bat;asm;asmx</Extensions>
    </Filter>
    <Filter Include="头文件">
      <UniqueIdentifier>{93995380-89BD-4b04-88EB-625FBE52EBFB}</UniqueIdentifier>
      <Extensions>h;hh;hpp;hxx;h++;hm;inl;inc;ipp;xsd</Extensions>
    </Filter>
    <Filter Include="资源文件">
      <UniqueIdentifier>{67DA6AB6-F800-4c08-8B7A-83BB121AAD01}</UniqueIdentifier>
      <Extensions>rc;ico;cur;bmp;dlg;rc2;rct;bin;rgs;gif;jpg;jpeg;jpe;resx;tiff;tif;png;wav;mfcribbon-ms</Extensions>
    </Filter>
    <Filter Include="源文件\DirectXTK">
      <UniqueIdentifier>{d25e50af-fd18-4b93-a0d4-418d6963b5cb}</UniqueIdentifier>
    </Filter>
    <Filter Include="头文件\D3D9">
      <UniqueIdentifier>{5181f3de-6bc2-4561-8158-ebaaa6376043}</UniqueIdentifier>
    </Filter>
    <Filter Include="头文件\Detourxs">
      <UniqueIdentifier>{65ff51ab-d6cc-4dbf-b7ae-49a11ac83b55}</UniqueIdentifier>
    </Filter>
    <Filter Include="头文件\Utils">
      <UniqueIdentifier>{bd35e38b-2e5d-46b4-8285-85fe20d106f4}</UniqueIdentifier>
    </Filter>
    <Filter Include="头文件\OpenVR">
      <UniqueIdentifier>{5546cb07-7e2b-4dba-9b23-5f578ae13cca}</UniqueIdentifier>
    </Filter>
    <Filter Include="头文件\RBR">
      <UniqueIdentifier>{fae59299-415e-4500-ade6-fa5e45cbc0ba}</UniqueIdentifier>
    </Filter>
    <Filter Include="头文件\DirectXTK">
      <UniqueIdentifier>{af0e08c6-5045-481a-890e-748a3c85dbbd}</UniqueIdentifier>
    </Filter>
    <Filter Include="源文件\D3D9">
      <UniqueIdentifier>{4c641e8e-5ee5-46e6-916f-21d8a732f2f1}</UniqueIdentifier>
    </Filter>
    <Filter Include="源文件\Detourxs">
      <UniqueIdentifier>{5a913764-59fd-415a-b6ff-ae4107a2b8cc}</UniqueIdentifier>
    </Filter>
    <Filter Include="源文件\Utils">
      <UniqueIdentifier>{5479d18b-d1f6-4874-9347-fc5671d8dc0d}</UniqueIdentifier>
    </Filter>
    <Filter Include="源文件\RBR">
      <UniqueIdentifier>{1700d0c2-23b4-4613-a82a-d8b9d32bcef6}</UniqueIdentifier>
    </Filter>
  </ItemGroup>
  <ItemGroup>
    <ClCompile Include="dllmain.cpp">
      <Filter>源文件</Filter>
    </ClCompile>
    <ClCompile Include="RBRDashboard.cpp">
      <Filter>源文件</Filter>
    </ClCompile>
    <ClCompile Include="config.cpp">
      <Filter>源文件</Filter>
    </ClCompile>
    <ClCompile Include="RBRVRDash.cpp">
      <Filter>源文件</Filter>
    </ClCompile>
    <ClCompile Include="Thirdparty\DirectXTK\Src\WICTextureLoader.cpp">
      <Filter>源文件\DirectXTK</Filter>
    </ClCompile>
    <ClCompile Include="Thirdparty\DirectXTK\Src\SimpleMath.cpp">
      <Filter>源文件\DirectXTK</Filter>
    </ClCompile>
    <ClCompile Include="Thirdparty\DirectXTK\Src\SpriteBatch.cpp">
      <Filter>源文件\DirectXTK</Filter>
    </ClCompile>
    <ClCompile Include="Thirdparty\DirectXTK\Src\SpriteFont.cpp">
      <Filter>源文件\DirectXTK</Filter>
    </ClCompile>
    <ClCompile Include="Thirdparty\DirectXTK\Src\BinaryReader.cpp">
      <Filter>源文件\DirectXTK</Filter>
    </ClCompile>
    <ClCompile Include="Thirdparty\DirectXTK\Src\BufferHelpers.cpp">
      <Filter>源文件\DirectXTK</Filter>
    </ClCompile>
    <ClCompile Include="Thirdparty\DirectXTK\Src\CommonStates.cpp">
      <Filter>源文件\DirectXTK</Filter>
    </ClCompile>
    <ClCompile Include="Thirdparty\DirectXTK\Src\DirectXHelpers.cpp">
      <Filter>源文件\DirectXTK</Filter>
    </ClCompile>
    <ClCompile Include="Thirdparty\DirectXTK\Src\VertexTypes.cpp">
      <Filter>源文件\DirectXTK</Filter>
    </ClCompile>
    <ClCompile Include="RBR\D3D9Helpers.cpp">
      <Filter>源文件\D3D9</Filter>
    </ClCompile>
    <ClCompile Include="RBR\D3D9Font\D3DFont.cpp">
      <Filter>源文件\D3D9</Filter>
    </ClCompile>
    <ClCompile Include="Lib\Detourxs\detourxs.cpp">
      <Filter>源文件\Detourxs</Filter>
    </ClCompile>
    <ClCompile Include="Utils\INIUtil.cpp">
      <Filter>源文件\Utils</Filter>
    </ClCompile>
    <ClCompile Include="Utils\LogUtil.cpp">
      <Filter>源文件\Utils</Filter>
    </ClCompile>
    <ClCompile Include="RBR\D3D9Font\SharedFont.cpp">
      <Filter>源文件\D3D9</Filter>
    </ClCompile>
    <ClCompile Include="Utils\StringUtil.cpp">
      <Filter>源文件\Utils</Filter>
    </ClCompile>
    <ClCompile Include="Utils\D3DUtil.cpp">
      <Filter>源文件\Utils</Filter>
    </ClCompile>
    <ClCompile Include="RBR\RBRAPI.cpp">
      <Filter>源文件\RBR</Filter>
    </ClCompile>
  </ItemGroup>
  <ItemGroup>
    <None Include="RBRDashboard.def">
      <Filter>源文件</Filter>
    </None>
    <None Include="..\Texture\ford-wrc-2019\config.ini" />
    <None Include="..\Texture\ford-wrc-2019\distance.spritefont" />
    <None Include="..\Texture\ford-wrc-2019\engine.spritefont" />
    <None Include="..\Texture\ford-wrc-2019\ford-wrc-2019.psd" />
    <None Include="..\Texture\ford-wrc-2019\speed.spritefont" />
    <None Include="..\Texture\ford-wrc-2019\time.spritefont" />
    <None Include="..\Texture\RBRDashboard.ini" />
    <None Include="Thirdparty\openvr\bin\win32\openvr_api.dll" />
  </ItemGroup>
  <ItemGroup>
    <ClInclude Include="config.h">
      <Filter>头文件</Filter>
    </ClInclude>
    <ClInclude Include="RBRDashboard.h">
      <Filter>头文件</Filter>
    </ClInclude>
    <ClInclude Include="stdafx.h">
      <Filter>头文件</Filter>
    </ClInclude>
    <ClInclude Include="RBRVRDash.h">
      <Filter>头文件</Filter>
    </ClInclude>
    <ClInclude Include="RBR\D3D9Helpers.h">
      <Filter>头文件\D3D9</Filter>
    </ClInclude>
    <ClInclude Include="RBR\D3D9Font\D3DFont.h">
      <Filter>头文件\D3D9</Filter>
    </ClInclude>
    <ClInclude Include="Lib\Detourxs\detourxs.h">
      <Filter>头文件\Detourxs</Filter>
    </ClInclude>
    <ClInclude Include="Utils\INIUtil.h">
      <Filter>头文件\Utils</Filter>
    </ClInclude>
    <ClInclude Include="Utils\LogUtil.h">
      <Filter>头文件\Utils</Filter>
    </ClInclude>
    <ClInclude Include="Thirdparty\openvr\headers\openvr_capi.h">
      <Filter>头文件\OpenVR</Filter>
    </ClInclude>
    <ClInclude Include="Thirdparty\openvr\headers\openvr_driver.h">
      <Filter>头文件\OpenVR</Filter>
    </ClInclude>
    <ClInclude Include="Thirdparty\openvr\headers\openvr.h">
      <Filter>头文件\OpenVR</Filter>
    </ClInclude>
    <ClInclude Include="RBR\IPlugin.h">
      <Filter>头文件\RBR</Filter>
    </ClInclude>
    <ClInclude Include="RBR\IRBRGame.h">
      <Filter>头文件\RBR</Filter>
    </ClInclude>
    <ClInclude Include="RBR\RBR.h">
      <Filter>头文件\RBR</Filter>
    </ClInclude>
    <ClInclude Include="RBR\RBRAPI.h">
      <Filter>头文件\RBR</Filter>
    </ClInclude>
    <ClInclude Include="RBR\D3D9Font\SharedFont.h">
      <Filter>头文件\D3D9</Filter>
    </ClInclude>
    <ClInclude Include="Lib\SimpleINI\SimpleIni.h">
      <Filter>头文件\Utils</Filter>
    </ClInclude>
    <ClInclude Include="Thirdparty\DirectXTK\Inc\SimpleMath.h">
      <Filter>头文件\DirectXTK</Filter>
    </ClInclude>
    <ClInclude Include="Thirdparty\DirectXTK\Inc\SpriteBatch.h">
      <Filter>头文件\DirectXTK</Filter>
    </ClInclude>
    <ClInclude Include="Thirdparty\DirectXTK\Inc\SpriteFont.h">
      <Filter>头文件\DirectXTK</Filter>
    </ClInclude>
    <ClInclude Include="Thirdparty\DirectXTK\Inc\WICTextureLoader.h">
      <Filter>头文件\DirectXTK</Filter>
    </ClInclude>
    <ClInclude Include="Utils\StringUtil.h">
      <Filter>头文件\Utils</Filter>
    </ClInclude>
    <ClInclude Include="Utils\D3DUtil.h">
      <Filter>头文件\Utils</Filter>
    </ClInclude>
  </ItemGroup>
  <ItemGroup>
    <Library Include="Lib\Detourxs\LDE64.lib" />
    <Library Include="Lib\Detourxs\LDE64x64.lib" />
    <Library Include="Thirdparty\openvr\lib\win32\openvr_api.lib" />
  </ItemGroup>
  <ItemGroup>
    <Image Include="..\Texture\ford-wrc-2019\digidash.png">
      <Filter>资源文件</Filter>
    </Image>
  </ItemGroup>
</Project>